{
  "originHash" : "0b0c424992366d2c6268d175281a9554468cfd8a27234123ddab132d7e65d2ec",
  "pins" : [
    {
      "identity" : "primitives",
      "kind" : "remoteSourceControl",
      "location" : "https://github.com/leviouwendijk/Primitives.git",
      "state" : {
        "branch" : "master",
        "revision" : "eb58bcd1ea305d13ff0c0f6fcd03d869a8612802"
      }
    },
    {
      "identity" : "references",
      "kind" : "remoteSourceControl",
      "location" : "https://github.com/leviouwendijk/References.git",
      "state" : {
        "branch" : "master",
        "revision" : "7436cfa47fd9b17f981324470d30d2e5e30856be"
      }
    }
  ],
  "version" : 3
}
